
Microsoft Visual Studio Solution File, Format Version 12.00
# Visual Studio Version 16
VisualStudioVersion = 16.0.31105.61
MinimumVisualStudioVersion = 10.0.40219.1
Project("{888888A0-9F3D-457C-B088-3A5042F75D52}") = "PTT50", "PTT50\PTT50.pyproj", "{3D68EDD2-7D06-4E9C-8948-34D27485A8D5}"
EndProject
Global
	GlobalSection(SolutionConfigurationPlatforms) = preSolution
		Debug|Any CPU = Debug|Any CPU
		Release|Any CPU = Release|Any CPU
	EndGlobalSection
	GlobalSection(ProjectConfigurationPlatforms) = postSolution
		{3D68EDD2-7D06-4E9C-8948-34D27485A8D5}.Debug|Any CPU.ActiveCfg = Debug|Any CPU
		{3D68EDD2-7D06-4E9C-8948-34D27485A8D5}.Release|Any CPU.ActiveCfg = Release|Any CPU
	EndGlobalSection
	GlobalSection(SolutionProperties) = preSolution
		HideSolutionNode = FALSE
	EndGlobalSection
	GlobalSection(ExtensibilityGlobals) = postSolution
		SolutionGuid = {BF2AD8CB-E0A3-47EE-9130-7CC980802270}
	EndGlobalSection
EndGlobal
